
Microsoft Visual Studio Solution File, Format Version 12.00
# Visual Studio Version 17
VisualStudioVersion = 17.9.34701.34
MinimumVisualStudioVersion = 10.0.40219.1
Project("{9A19103F-16F7-4668-BE54-9A1E7A4F7556}") = "FirstAzureHostedWebApp", "FirstAzureHostedWebApp\FirstAzureHostedWebApp.csproj", "{FCC68F5E-179E-4995-AF3F-9750AAA8AE3A}"
EndProject
Global
	GlobalSection(SolutionConfigurationPlatforms) = preSolution
		Debug|Any CPU = Debug|Any CPU
		Release|Any CPU = Release|Any CPU
	EndGlobalSection
	GlobalSection(ProjectConfigurationPlatforms) = postSolution
		{FCC68F5E-179E-4995-AF3F-9750AAA8AE3A}.Debug|Any CPU.ActiveCfg = Debug|Any CPU
		{FCC68F5E-179E-4995-AF3F-9750AAA8AE3A}.Debug|Any CPU.Build.0 = Debug|Any CPU
		{FCC68F5E-179E-4995-AF3F-9750AAA8AE3A}.Release|Any CPU.ActiveCfg = Release|Any CPU
		{FCC68F5E-179E-4995-AF3F-9750AAA8AE3A}.Release|Any CPU.Build.0 = Release|Any CPU
	EndGlobalSection
	GlobalSection(SolutionProperties) = preSolution
		HideSolutionNode = FALSE
	EndGlobalSection
	GlobalSection(ExtensibilityGlobals) = postSolution
		SolutionGuid = {9A1FD914-45E8-4E6D-9796-57E58F17B330}
	EndGlobalSection
EndGlobal
